<?xml version="1.0" encoding="utf-8"?>
<Project ToolsVersion="4.0" xmlns="http://schemas.microsoft.com/developer/msbuild/2003">
  <ItemGroup>
    <FxCompile Include="Code\Shader\2D.fx">
      <Filter>Sources\Shaders</Filter>
    </FxCompile>
    <FxCompile Include="Code\Shader\Default_Mesh.fx" />
    <FxCompile Include="Code\Shader\Default_SkinMesh.fx" />
    <FxCompile Include="Shader\Standard_Shader_VS.hlsl" />
    <FxCompile Include="Shader\Standard_Shader_PS.hlsl" />
    <FxCompile Include="Shader\SkyBox_Shader_VS.hlsl" />
    <FxCompile Include="Shader\SkyBox_Shader_PS.hlsl" />
  </ItemGroup>
  <ItemGroup>
    <ClCompile Include="Code\Souse_File\Audio_Manager.cpp">
      <Filter>Sources\Reaources</Filter>
    </ClCompile>
    <ClCompile Include="Code\Souse_File\DxSystem.cpp">
      <Filter>Sources\Reaources</Filter>
    </ClCompile>
    <ClCompile Include="Code\Souse_File\Input_Manager.cpp">
      <Filter>Sources\Reaources</Filter>
    </ClCompile>
    <ClCompile Include="Code\Souse_File\main.cpp">
      <Filter>Sources\Reaources</Filter>
    </ClCompile>
    <ClCompile Include="Code\Souse_File\Shader.cpp">
      <Filter>Sources\Reaources</Filter>
    </ClCompile>
    <ClCompile Include="Code\Souse_File\Texture.cpp">
      <Filter>Sources\Reaources</Filter>
    </ClCompile>
    <ClCompile Include="Code\Souse_File\Object.cpp" />
    <ClCompile Include="Code\Souse_File\GameObject.cpp" />
    <ClCompile Include="Code\Souse_File\Component.cpp" />
    <ClCompile Include="Code\Souse_File\Behaviour.cpp" />
    <ClCompile Include="Code\Souse_File\MonoBehaviour.cpp" />
    <ClCompile Include="Code\Souse_File\Transform.cpp" />
    <ClCompile Include="Code\Souse_File\Material.cpp" />
    <ClCompile Include="Code\Souse_File\Scene_Manager.cpp">
      <Filter>Sources\Reaources</Filter>
    </ClCompile>
    <ClCompile Include="Code\Souse_File\MonoBehaviour_Manager.cpp" />
    <ClCompile Include="Code\Souse_File\Scene.cpp" />
    <ClCompile Include="Code\Souse_File\Engine.cpp" />
    <ClCompile Include="Code\Souse_File\Time.cpp" />
    <ClCompile Include="Code\Souse_File\Renderer.cpp" />
    <ClCompile Include="Code\Souse_File\Camera.cpp">
      <Filter>Sources\Reaources</Filter>
    </ClCompile>
    <ClCompile Include="Code\Souse_File\Mesh_Renderer.cpp" />
    <ClCompile Include="Code\Souse_File\Mesh.cpp" />
    <ClCompile Include="Code\Souse_File\Render_Manager.cpp" />
    <ClCompile Include="Code\Souse_File\SkinMesh_Renderer.cpp" />
    <ClCompile Include="Code\Souse_File\Animator.cpp" />
    <ClCompile Include="Code\Souse_File\Animator_Manager.cpp" />
    <ClCompile Include="Code\Souse_File\Sprite_Renderer.cpp">
      <Filter>Sources\Reaources</Filter>
    </ClCompile>
    <ClCompile Include="Code\Souse_File\Rect_Transform.cpp" />
    <ClCompile Include="Code\Souse_File\Debug_UI.cpp" />
    <ClCompile Include="Code\Souse_File\Original_Math.cpp" />
    <ClCompile Include="Code\Souse_File\Debug.cpp" />
    <ClCompile Include="Librarys\ImGui\imgui.cpp" />
    <ClCompile Include="Librarys\ImGui\imgui_draw.cpp" />
    <ClCompile Include="Librarys\ImGui\imgui_impl_dx11.cpp" />
    <ClCompile Include="Librarys\ImGui\imgui_impl_win32.cpp" />
    <ClCompile Include="Librarys\ImGui\imgui_stdlib.cpp" />
    <ClCompile Include="Librarys\ImGui\imgui_widgets.cpp" />
    <ClCompile Include="Script\Souse\Bullet.cpp" />
    <ClCompile Include="Script\Souse\Camera_Set.cpp" />
    <ClCompile Include="Script\Souse\Enemy.cpp" />
    <ClCompile Include="Script\Souse\Enemy_Manager.cpp" />
    <ClCompile Include="Script\Souse\ObjectPool.cpp" />
    <ClCompile Include="Script\Souse\Player.cpp" />
    <ClCompile Include="Code\Libraries\ImGui\imgui.cpp" />
    <ClCompile Include="Code\Libraries\ImGui\imgui_draw.cpp" />
    <ClCompile Include="Code\Libraries\ImGui\imgui_impl_dx11.cpp" />
    <ClCompile Include="Code\Libraries\ImGui\imgui_impl_win32.cpp" />
    <ClCompile Include="Code\Libraries\ImGui\imgui_stdlib.cpp" />
    <ClCompile Include="Code\Libraries\ImGui\imgui_widgets.cpp" />
    <ClCompile Include="Script\Souse\All_Component_List.cpp" />
    <ClCompile Include="Code\Souse_File\View_Texture.cpp" />
    <ClCompile Include="Code\Souse_File\View_Game.cpp" />
    <ClCompile Include="Code\Souse_File\View_Scene.cpp" />
    <ClCompile Include="Code\Souse_File\SkyBox.cpp" />
  </ItemGroup>
  <ItemGroup>
    <ClInclude Include="Code\Header_File\Audio_Manager.h">
      <Filter>Sources\Headers</Filter>
    </ClInclude>
    <ClInclude Include="Code\Header_File\DxSystem.h">
      <Filter>Sources\Headers</Filter>
    </ClInclude>
    <ClInclude Include="Code\Header_File\Input_Manager.h">
      <Filter>Sources\Headers</Filter>
    </ClInclude>
    <ClInclude Include="Code\Header_File\misc.h">
      <Filter>Sources\Headers</Filter>
    </ClInclude>
    <ClInclude Include="Code\Header_File\Original_Math.h">
      <Filter>Sources\Headers</Filter>
    </ClInclude>
    <ClInclude Include="Code\Header_File\Scene.h">
      <Filter>Sources\Headers</Filter>
    </ClInclude>
    <ClInclude Include="Code\Header_File\Shader.h">
      <Filter>Sources\Headers</Filter>
    </ClInclude>
    <ClInclude Include="Code\Header_File\Texture.h">
      <Filter>Sources\Headers</Filter>
    </ClInclude>
    <ClInclude Include="Code\Header_File\Object.h" />
    <ClInclude Include="Code\Header_File\GameObject.h" />
    <ClInclude Include="Code\Header_File\Component.h" />
    <ClInclude Include="Code\Header_File\Behaviour.h" />
    <ClInclude Include="Code\Header_File\MonoBehaviour.h" />
    <ClInclude Include="Code\Header_File\Transform.h" />
    <ClInclude Include="Code\Header_File\Material.h" />
    <ClInclude Include="Code\Header_File\Scene_Manager.h" />
    <ClInclude Include="Code\Header_File\MonoBehaviour_Manager.h" />
    <ClInclude Include="Code\Header_File\Engine.h" />
    <ClInclude Include="Code\Header_File\Time.h" />
    <ClInclude Include="Code\Header_File\Renderer.h" />
    <ClInclude Include="Code\Header_File\Camera.h">
      <Filter>Sources\Headers</Filter>
    </ClInclude>
    <ClInclude Include="Code\Header_File\Mesh_Renderer.h" />
    <ClInclude Include="Code\Header_File\Mesh.h" />
    <ClInclude Include="Code\Header_File\Render_Manager.h" />
    <ClInclude Include="Code\Header_File\SkinMesh_Renderer.h" />
    <ClInclude Include="Code\Header_File\Animator.h" />
    <ClInclude Include="Code\Header_File\Animator_Manager.h" />
    <ClInclude Include="Code\Header_File\Sprite_Renderer.h">
      <Filter>Sources\Headers</Filter>
    </ClInclude>
    <ClInclude Include="Code\Header_File\RectTransform.h" />
    <ClInclude Include="Code\Header_File\Mathf.h" />
    <ClInclude Include="Code\Header_File\Debug_UI.h" />
    <ClInclude Include="Code\Header_File\Debug.h" />
    <ClInclude Include="Librarys\ImGui\IconsFontAwesome4.h" />
    <ClInclude Include="Librarys\ImGui\imconfig.h" />
    <ClInclude Include="Librarys\ImGui\imgui.h" />
    <ClInclude Include="Librarys\ImGui\imgui_impl_dx11.h" />
    <ClInclude Include="Librarys\ImGui\imgui_impl_win32.h" />
    <ClInclude Include="Librarys\ImGui\imgui_internal.h" />
    <ClInclude Include="Librarys\ImGui\imgui_stdlib.h" />
    <ClInclude Include="Librarys\ImGui\imstb_rectpack.h" />
    <ClInclude Include="Librarys\ImGui\imstb_textedit.h" />
    <ClInclude Include="Librarys\ImGui\imstb_truetype.h" />
    <ClInclude Include="Script\Header\Bullet.h" />
    <ClInclude Include="Script\Header\Camera_Set.h" />
    <ClInclude Include="Script\Header\Enemy.h" />
    <ClInclude Include="Script\Header\Enemy_Manager.h" />
    <ClInclude Include="Script\Header\ObjectPool.h" />
    <ClInclude Include="Script\Header\Player.h" />
    <ClInclude Include="Code\Libraries\ImGui\imstb_truetype.h" />
    <ClInclude Include="Code\Libraries\ImGui\IconsFontAwesome4.h" />
    <ClInclude Include="Code\Libraries\ImGui\imconfig.h" />
    <ClInclude Include="Code\Libraries\ImGui\imgui.h" />
    <ClInclude Include="Code\Libraries\ImGui\imgui_impl_dx11.h" />
    <ClInclude Include="Code\Libraries\ImGui\imgui_impl_win32.h" />
    <ClInclude Include="Code\Libraries\ImGui\imgui_internal.h" />
    <ClInclude Include="Code\Libraries\ImGui\imgui_stdlib.h" />
    <ClInclude Include="Code\Libraries\ImGui\imstb_rectpack.h" />
    <ClInclude Include="Code\Libraries\ImGui\imstb_textedit.h" />
    <ClInclude Include="Code\Libraries\cereal\archives\adapters.hpp" />
    <ClInclude Include="Code\Libraries\cereal\archives\binary.hpp" />
    <ClInclude Include="Code\Libraries\cereal\archives\json.hpp" />
    <ClInclude Include="Code\Libraries\cereal\archives\portable_binary.hpp" />
    <ClInclude Include="Code\Libraries\cereal\archives\xml.hpp" />
    <ClInclude Include="Code\Libraries\cereal\details\helpers.hpp" />
    <ClInclude Include="Code\Libraries\cereal\details\polymorphic_impl.hpp" />
    <ClInclude Include="Code\Libraries\cereal\details\polymorphic_impl_fwd.hpp" />
    <ClInclude Include="Code\Libraries\cereal\details\static_object.hpp" />
    <ClInclude Include="Code\Libraries\cereal\details\traits.hpp" />
    <ClInclude Include="Code\Libraries\cereal\external\rapidjson\error\en.h" />
    <ClInclude Include="Code\Libraries\cereal\external\rapidjson\error\error.h" />
    <ClInclude Include="Code\Libraries\cereal\external\rapidjson\internal\biginteger.h" />
    <ClInclude Include="Code\Libraries\cereal\external\rapidjson\internal\diyfp.h" />
    <ClInclude Include="Code\Libraries\cereal\external\rapidjson\internal\dtoa.h" />
    <ClInclude Include="Code\Libraries\cereal\external\rapidjson\internal\ieee754.h" />
    <ClInclude Include="Code\Libraries\cereal\external\rapidjson\internal\itoa.h" />
    <ClInclude Include="Code\Libraries\cereal\external\rapidjson\internal\meta.h" />
    <ClInclude Include="Code\Libraries\cereal\external\rapidjson\internal\pow10.h" />
    <ClInclude Include="Code\Libraries\cereal\external\rapidjson\internal\regex.h" />
    <ClInclude Include="Code\Libraries\cereal\external\rapidjson\internal\stack.h" />
    <ClInclude Include="Code\Libraries\cereal\external\rapidjson\internal\strfunc.h" />
    <ClInclude Include="Code\Libraries\cereal\external\rapidjson\internal\strtod.h" />
    <ClInclude Include="Code\Libraries\cereal\external\rapidjson\internal\swap.h" />
    <ClInclude Include="Code\Libraries\cereal\external\rapidjson\msinttypes\inttypes.h" />
    <ClInclude Include="Code\Libraries\cereal\external\rapidjson\msinttypes\stdint.h" />
    <ClInclude Include="Code\Libraries\cereal\external\rapidjson\allocators.h" />
    <ClInclude Include="Code\Libraries\cereal\external\rapidjson\cursorstreamwrapper.h" />
    <ClInclude Include="Code\Libraries\cereal\external\rapidjson\document.h" />
    <ClInclude Include="Code\Libraries\cereal\external\rapidjson\encodedstream.h" />
    <ClInclude Include="Code\Libraries\cereal\external\rapidjson\encodings.h" />
    <ClInclude Include="Code\Libraries\cereal\external\rapidjson\filereadstream.h" />
    <ClInclude Include="Code\Libraries\cereal\external\rapidjson\filewritestream.h" />
    <ClInclude Include="Code\Libraries\cereal\external\rapidjson\fwd.h" />
    <ClInclude Include="Code\Libraries\cereal\external\rapidjson\istreamwrapper.h" />
    <ClInclude Include="Code\Libraries\cereal\external\rapidjson\memorybuffer.h" />
    <ClInclude Include="Code\Libraries\cereal\external\rapidjson\memorystream.h" />
    <ClInclude Include="Code\Libraries\cereal\external\rapidjson\ostreamwrapper.h" />
    <ClInclude Include="Code\Libraries\cereal\external\rapidjson\pointer.h" />
    <ClInclude Include="Code\Libraries\cereal\external\rapidjson\prettywriter.h" />
    <ClInclude Include="Code\Libraries\cereal\external\rapidjson\rapidjson.h" />
    <ClInclude Include="Code\Libraries\cereal\external\rapidjson\reader.h" />
    <ClInclude Include="Code\Libraries\cereal\external\rapidjson\schema.h" />
    <ClInclude Include="Code\Libraries\cereal\external\rapidjson\stream.h" />
    <ClInclude Include="Code\Libraries\cereal\external\rapidjson\stringbuffer.h" />
    <ClInclude Include="Code\Libraries\cereal\external\rapidjson\writer.h" />
    <ClInclude Include="Code\Libraries\cereal\external\rapidxml\rapidxml.hpp" />
    <ClInclude Include="Code\Libraries\cereal\external\rapidxml\rapidxml_iterators.hpp" />
    <ClInclude Include="Code\Libraries\cereal\external\rapidxml\rapidxml_print.hpp" />
    <ClInclude Include="Code\Libraries\cereal\external\rapidxml\rapidxml_utils.hpp" />
    <ClInclude Include="Code\Libraries\cereal\external\base64.hpp" />
    <ClInclude Include="Code\Libraries\cereal\types\array.hpp" />
    <ClInclude Include="Code\Libraries\cereal\types\atomic.hpp" />
    <ClInclude Include="Code\Libraries\cereal\types\base_class.hpp" />
    <ClInclude Include="Code\Libraries\cereal\types\bitset.hpp" />
    <ClInclude Include="Code\Libraries\cereal\types\boost_variant.hpp" />
    <ClInclude Include="Code\Libraries\cereal\types\chrono.hpp" />
    <ClInclude Include="Code\Libraries\cereal\types\common.hpp" />
    <ClInclude Include="Code\Libraries\cereal\types\complex.hpp" />
    <ClInclude Include="Code\Libraries\cereal\types\deque.hpp" />
    <ClInclude Include="Code\Libraries\cereal\types\forward_list.hpp" />
    <ClInclude Include="Code\Libraries\cereal\types\functional.hpp" />
    <ClInclude Include="Code\Libraries\cereal\types\list.hpp" />
    <ClInclude Include="Code\Libraries\cereal\types\map.hpp" />
    <ClInclude Include="Code\Libraries\cereal\types\memory.hpp" />
    <ClInclude Include="Code\Libraries\cereal\types\optional.hpp" />
    <ClInclude Include="Code\Libraries\cereal\types\polymorphic.hpp" />
    <ClInclude Include="Code\Libraries\cereal\types\queue.hpp" />
    <ClInclude Include="Code\Libraries\cereal\types\set.hpp" />
    <ClInclude Include="Code\Libraries\cereal\types\stack.hpp" />
    <ClInclude Include="Code\Libraries\cereal\types\string.hpp" />
    <ClInclude Include="Code\Libraries\cereal\types\tuple.hpp" />
    <ClInclude Include="Code\Libraries\cereal\types\unordered_map.hpp" />
    <ClInclude Include="Code\Libraries\cereal\types\unordered_set.hpp" />
    <ClInclude Include="Code\Libraries\cereal\types\utility.hpp" />
    <ClInclude Include="Code\Libraries\cereal\types\valarray.hpp" />
    <ClInclude Include="Code\Libraries\cereal\types\variant.hpp" />
    <ClInclude Include="Code\Libraries\cereal\types\vector.hpp" />
    <ClInclude Include="Code\Libraries\cereal\access.hpp" />
    <ClInclude Include="Code\Libraries\cereal\cereal.hpp" />
    <ClInclude Include="Code\Libraries\cereal\macros.hpp" />
    <ClInclude Include="Code\Libraries\cereal\specialize.hpp" />
    <ClInclude Include="Code\Libraries\cereal\version.hpp" />
    <ClInclude Include="Code\Libraries\cereal\types\concepts\pair_associative_container.hpp" />
    <ClInclude Include="Code\Libraries\cereal\details\util.hpp" />
    <ClInclude Include="Code\Header_File\Include_ImGui.h" />
    <ClInclude Include="Code\Header_File\Include_Mono.h" />
    <ClInclude Include="Code\Header_File\All_Component_List.h" />
    <ClInclude Include="Code\Header_File\View_Scene.h" />
    <ClInclude Include="Code\Header_File\View_Game.h" />
    <ClInclude Include="Code\Header_File\View_Texture.h" />
    <ClInclude Include="Code\Header_File\SkyBox.h" />
  </ItemGroup>
  <ItemGroup>
    <Filter Include="Sources">
      <UniqueIdentifier>{49362b9b-b25d-4264-9a32-efb91def4971}</UniqueIdentifier>
    </Filter>
    <Filter Include="Sources\Headers">
      <UniqueIdentifier>{41db6cb6-48ef-438b-a0cd-8896b99eab41}</UniqueIdentifier>
    </Filter>
    <Filter Include="Sources\Reaources">
      <UniqueIdentifier>{d24e19ad-27f5-4905-839e-aafa818a5eb1}</UniqueIdentifier>
    </Filter>
    <Filter Include="Sources\Shaders">
      <UniqueIdentifier>{e65052c2-8536-4852-868b-3312e5769417}</UniqueIdentifier>
    </Filter>
  </ItemGroup>
  <ItemGroup>
    <None Include="Shader\Standard_Shader.hlsli" />
    <None Include="Shader\SkyBox_Shader.hlsli" />
    <None Include="Shader\Scene_Constants.hlsli" />
  </ItemGroup>
</Project>