<?xml version="1.0" encoding="utf-8"?>
<Project ToolsVersion="4.0" xmlns="http://schemas.microsoft.com/developer/msbuild/2003">
  <ItemGroup>
    <FxCompile Include="Code\Shader\Default_Mesh.fx" />
    <FxCompile Include="Code\Shader\Default_SkinMesh.fx" />
    <FxCompile Include="Shader\Standard_Shader_PS.hlsl" />
    <FxCompile Include="Shader\SkyBox_Shader_VS.hlsl" />
    <FxCompile Include="Shader\SkyBox_Shader_PS.hlsl" />
    <FxCompile Include="Shader\2D_Shader_VS.hlsl" />
    <FxCompile Include="Shader\2D_Shader_PS.hlsl" />
    <FxCompile Include="Code\Shader\2D.fx" />
    <FxCompile Include="Shader\Debug_Shader_VS.hlsl" />
    <FxCompile Include="Shader\Debug_Shader_PS.hlsl" />
    <FxCompile Include="Shader\SkinMesh_CS.hlsl" />
    <FxCompile Include="Shader\Mesh_CS.hlsl" />
    <FxCompile Include="Shader\Standard_Shader_VS.hlsl" />
    <FxCompile Include="Shader\Standard_Shadow_Shader_VS.hlsl" />
    <FxCompile Include="Shader\Standard_Shadow_Shader_PS.hlsl" />
    <FxCompile Include="Shader\Gaussian_Shader_x_VS.hlsl" />
    <FxCompile Include="Shader\Gaussian_Shader_y_VS.hlsl" />
    <FxCompile Include="Shader\Gaussian_Shader_x_PS.hlsl" />
    <FxCompile Include="Shader\Gaussian_Shader_y_PS.hlsl" />
    <FxCompile Include="Shader\Toon_Shader_PS.hlsl" />
    <FxCompile Include="Shader\Toon_Outline_PS.hlsl" />
    <FxCompile Include="Shader\Toon_Outline_Normal_VS.hlsl" />
    <FxCompile Include="Shader\Toon_Outline_Position_VS.hlsl" />
  </ItemGroup>
  <ItemGroup>
    <ClCompile Include="Code\Source_File\Object.cpp" />
    <ClCompile Include="Code\Source_File\GameObject.cpp" />
    <ClCompile Include="Code\Source_File\Component.cpp" />
    <ClCompile Include="Code\Source_File\Behaviour.cpp" />
    <ClCompile Include="Code\Source_File\MonoBehaviour.cpp" />
    <ClCompile Include="Code\Source_File\Transform.cpp" />
    <ClCompile Include="Code\Source_File\Material.cpp" />
    <ClCompile Include="Code\Source_File\Scene.cpp" />
    <ClCompile Include="Code\Source_File\Engine.cpp" />
    <ClCompile Include="Code\Source_File\Time.cpp" />
    <ClCompile Include="Code\Source_File\Renderer.cpp" />
    <ClCompile Include="Code\Source_File\Mesh_Renderer.cpp" />
    <ClCompile Include="Code\Source_File\Mesh.cpp" />
    <ClCompile Include="Code\Source_File\Render_Manager.cpp" />
    <ClCompile Include="Code\Source_File\SkinMesh_Renderer.cpp" />
    <ClCompile Include="Code\Source_File\Animator.cpp" />
    <ClCompile Include="Code\Source_File\Animator_Manager.cpp" />
    <ClCompile Include="Code\Source_File\Editor.cpp" />
    <ClCompile Include="Code\Source_File\Original_Math.cpp" />
    <ClCompile Include="Code\Source_File\Debug.cpp" />
    <ClCompile Include="Librarys\ImGui\imgui.cpp" />
    <ClCompile Include="Librarys\ImGui\imgui_draw.cpp" />
    <ClCompile Include="Librarys\ImGui\imgui_impl_dx11.cpp" />
    <ClCompile Include="Librarys\ImGui\imgui_impl_win32.cpp" />
    <ClCompile Include="Librarys\ImGui\imgui_stdlib.cpp" />
    <ClCompile Include="Librarys\ImGui\imgui_widgets.cpp" />
    <ClCompile Include="Code\Libraries\ImGui\imgui.cpp" />
    <ClCompile Include="Code\Libraries\ImGui\imgui_draw.cpp" />
    <ClCompile Include="Code\Libraries\ImGui\imgui_impl_dx11.cpp" />
    <ClCompile Include="Code\Libraries\ImGui\imgui_impl_win32.cpp" />
    <ClCompile Include="Code\Libraries\ImGui\imgui_stdlib.cpp" />
    <ClCompile Include="Code\Libraries\ImGui\imgui_widgets.cpp" />
    <ClCompile Include="Code\Source_File\Render_Texture.cpp" />
    <ClCompile Include="Code\Source_File\SkyBox.cpp" />
    <ClCompile Include="Code\Source_File\Light.cpp" />
    <ClCompile Include="Code\Source_File\Light_Manager.cpp" />
    <ClCompile Include="Code\Source_File\System_Function.cpp" />
    <ClCompile Include="Code\Source_File\Particle.cpp" />
    <ClCompile Include="Code\Source_File\Particle_Manager.cpp" />
    <ClCompile Include="Code\Libraries\ImGuizmo\ImCurveEdit.cpp" />
    <ClCompile Include="Code\Libraries\ImGuizmo\ImGradient.cpp" />
    <ClCompile Include="Code\Libraries\ImGuizmo\ImGuizmo.cpp" />
    <ClCompile Include="Code\Libraries\ImGuizmo\ImSequencer.cpp" />
    <ClCompile Include="Code\Source_File\AudioSource.cpp" />
    <ClCompile Include="Code\Source_File\Resources.cpp" />
    <ClCompile Include="Code\Source_File\Fbx_Converter.cpp" />
    <ClCompile Include="Code\Source_File\Cursor.cpp" />
    <ClCompile Include="Code\Source_File\Screen.cpp" />
    <ClCompile Include="Code\Source_File\Audio_Manager.cpp" />
    <ClCompile Include="Code\Source_File\Camera.cpp" />
    <ClCompile Include="Code\Source_File\DxSystem.cpp" />
    <ClCompile Include="Code\Source_File\Input.cpp" />
    <ClCompile Include="Code\Source_File\main.cpp" />
    <ClCompile Include="Code\Source_File\Scene_Manager.cpp" />
    <ClCompile Include="Code\Source_File\Shader.cpp" />
    <ClCompile Include="Code\Source_File\Sprite_Renderer.cpp" />
    <ClCompile Include="Code\Source_File\Texture.cpp" />
    <ClCompile Include="Code\Libraries\ImGui\imgui_tables.cpp" />
    <ClCompile Include="Code\Source_File\Shadow_Manager.cpp" />
    <ClCompile Include="Code\Source_File\Bounds.cpp" />
    <ClCompile Include="Code\Source_File\Model_Data.cpp" />
    <ClCompile Include="Code\Source_File\Animation_Clip.cpp" />
    <ClCompile Include="Code\Source_File\Asset_Manager.cpp" />
    <ClCompile Include="Code\Source_File\Animator_Controller.cpp" />
    <ClCompile Include="Code\Source_File\Animator_State_Transition.cpp" />
    <ClCompile Include="Code\Source_File\Animator_State_Machine.cpp" />
    <ClCompile Include="Code\Source_File\Collider.cpp" />
    <ClCompile Include="Code\Source_File\Box_Collider.cpp" />
    <ClCompile Include="Code\Source_File\BulletPhysics_Manager.cpp" />
    <ClCompile Include="Code\Source_File\RigidBody.cpp" />
    <ClCompile Include="Code\Source_File\Ghost_Object.cpp" />
    <ClCompile Include="Code\Source_File\Debug_Draw_Manager.cpp" />
    <ClCompile Include="Code\Source_File\Sphere_Collider.cpp" />
    <ClCompile Include="Code\Source_File\Capsule_Collider.cpp" />
    <ClCompile Include="Code\Source_File\Compute_Shader.cpp" />
    <ClCompile Include="Code\Source_File\Gaussian_Filter.cpp" />
    <ClCompile Include="Script\Source\Player_Move.cpp" />
    <ClCompile Include="Script\Source\Character_Condition_Manager.cpp" />
    <ClCompile Include="Script\Source\Player_Camera_Controller.cpp" />
    <ClCompile Include="Code\Source_File\Include_ImGui.cpp" />
    <ClCompile Include="Script\Source\Character_Particles.cpp" />
    <ClCompile Include="Code\Source_File\Cylinder_Collider.cpp" />
    <ClCompile Include="Script\Source\Character_Ground_Checker.cpp" />
    <ClCompile Include="Code\Source_File\Physics.cpp" />
    <ClCompile Include="Script\Source\Player_Input.cpp" />
    <ClCompile Include="Script\Source\Enemy_Normal_01_Damageable.cpp" />
    <ClCompile Include="Script\Source\Damage_Collision.cpp" />
    <ClCompile Include="Script\Source\Character_Hit_Stop_Manager.cpp" />
    <ClCompile Include="Script\Source\Object_Pool.cpp" />
    <ClCompile Include="Script\Source\Disable_Object.cpp" />
    <ClCompile Include="Script\Source\Disable_Particle.cpp" />
    <ClCompile Include="Script\Source\Enemy_Normal_01_Move.cpp" />
    <ClCompile Include="Script\Source\Enemy_Manager.cpp" />
    <ClCompile Include="Script\Source\Enemy_Normal_01_State_Setter.cpp" />
    <ClCompile Include="Script\Source\Player_Damageable.cpp" />
    <ClCompile Include="Script\Source\Time_Manager.cpp" />
    <ClCompile Include="Code\Source_File\Thread_Pool.cpp" />
    <ClCompile Include="Script\Source\Cut_Scene_Smash_01.cpp" />
    <ClCompile Include="Script\Source\Player_Parameter.cpp" />
    <ClCompile Include="Script\Source\Enemy_Parameter.cpp" />
    <ClCompile Include="Script\Source\Instant_Camera_Shake.cpp" />
  </ItemGroup>
  <ItemGroup>
    <ClInclude Include="Code\Header_File\Object.h" />
    <ClInclude Include="Code\Header_File\GameObject.h" />
    <ClInclude Include="Code\Header_File\Component.h" />
    <ClInclude Include="Code\Header_File\Behaviour.h" />
    <ClInclude Include="Code\Header_File\MonoBehaviour.h" />
    <ClInclude Include="Code\Header_File\Transform.h" />
    <ClInclude Include="Code\Header_File\Material.h" />
    <ClInclude Include="Code\Header_File\Scene_Manager.h" />
    <ClInclude Include="Code\Header_File\Engine.h" />
    <ClInclude Include="Code\Header_File\Time_Engine.h" />
    <ClInclude Include="Code\Header_File\Renderer.h" />
    <ClInclude Include="Code\Header_File\Mesh_Renderer.h" />
    <ClInclude Include="Code\Header_File\Mesh.h" />
    <ClInclude Include="Code\Header_File\Render_Manager.h" />
    <ClInclude Include="Code\Header_File\SkinMesh_Renderer.h" />
    <ClInclude Include="Code\Header_File\Animator.h" />
    <ClInclude Include="Code\Header_File\Animator_Manager.h" />
    <ClInclude Include="Code\Header_File\Mathf.h" />
    <ClInclude Include="Code\Header_File\Editor.h" />
    <ClInclude Include="Code\Header_File\Debug.h" />
    <ClInclude Include="Librarys\ImGui\IconsFontAwesome4.h" />
    <ClInclude Include="Librarys\ImGui\imconfig.h" />
    <ClInclude Include="Librarys\ImGui\imgui.h" />
    <ClInclude Include="Librarys\ImGui\imgui_impl_dx11.h" />
    <ClInclude Include="Librarys\ImGui\imgui_impl_win32.h" />
    <ClInclude Include="Librarys\ImGui\imgui_internal.h" />
    <ClInclude Include="Librarys\ImGui\imgui_stdlib.h" />
    <ClInclude Include="Librarys\ImGui\imstb_rectpack.h" />
    <ClInclude Include="Librarys\ImGui\imstb_textedit.h" />
    <ClInclude Include="Librarys\ImGui\imstb_truetype.h" />
    <ClInclude Include="Code\Libraries\ImGui\imstb_truetype.h" />
    <ClInclude Include="Code\Libraries\ImGui\IconsFontAwesome4.h" />
    <ClInclude Include="Code\Libraries\ImGui\imconfig.h" />
    <ClInclude Include="Code\Libraries\ImGui\imgui.h" />
    <ClInclude Include="Code\Libraries\ImGui\imgui_impl_dx11.h" />
    <ClInclude Include="Code\Libraries\ImGui\imgui_impl_win32.h" />
    <ClInclude Include="Code\Libraries\ImGui\imgui_internal.h" />
    <ClInclude Include="Code\Libraries\ImGui\imgui_stdlib.h" />
    <ClInclude Include="Code\Libraries\ImGui\imstb_rectpack.h" />
    <ClInclude Include="Code\Libraries\ImGui\imstb_textedit.h" />
    <ClInclude Include="Code\Libraries\cereal\archives\adapters.hpp" />
    <ClInclude Include="Code\Libraries\cereal\archives\binary.hpp" />
    <ClInclude Include="Code\Libraries\cereal\archives\json.hpp" />
    <ClInclude Include="Code\Libraries\cereal\archives\portable_binary.hpp" />
    <ClInclude Include="Code\Libraries\cereal\archives\xml.hpp" />
    <ClInclude Include="Code\Libraries\cereal\details\helpers.hpp" />
    <ClInclude Include="Code\Libraries\cereal\details\polymorphic_impl.hpp" />
    <ClInclude Include="Code\Libraries\cereal\details\polymorphic_impl_fwd.hpp" />
    <ClInclude Include="Code\Libraries\cereal\details\static_object.hpp" />
    <ClInclude Include="Code\Libraries\cereal\details\traits.hpp" />
    <ClInclude Include="Code\Libraries\cereal\external\rapidjson\error\en.h" />
    <ClInclude Include="Code\Libraries\cereal\external\rapidjson\error\error.h" />
    <ClInclude Include="Code\Libraries\cereal\external\rapidjson\internal\biginteger.h" />
    <ClInclude Include="Code\Libraries\cereal\external\rapidjson\internal\diyfp.h" />
    <ClInclude Include="Code\Libraries\cereal\external\rapidjson\internal\dtoa.h" />
    <ClInclude Include="Code\Libraries\cereal\external\rapidjson\internal\ieee754.h" />
    <ClInclude Include="Code\Libraries\cereal\external\rapidjson\internal\itoa.h" />
    <ClInclude Include="Code\Libraries\cereal\external\rapidjson\internal\meta.h" />
    <ClInclude Include="Code\Libraries\cereal\external\rapidjson\internal\pow10.h" />
    <ClInclude Include="Code\Libraries\cereal\external\rapidjson\internal\regex.h" />
    <ClInclude Include="Code\Libraries\cereal\external\rapidjson\internal\stack.h" />
    <ClInclude Include="Code\Libraries\cereal\external\rapidjson\internal\strfunc.h" />
    <ClInclude Include="Code\Libraries\cereal\external\rapidjson\internal\strtod.h" />
    <ClInclude Include="Code\Libraries\cereal\external\rapidjson\internal\swap.h" />
    <ClInclude Include="Code\Libraries\cereal\external\rapidjson\istreamwrapper.h" />
    <ClInclude Include="Code\Libraries\cereal\external\rapidjson\memorybuffer.h" />
    <ClInclude Include="Code\Libraries\cereal\external\rapidjson\memorystream.h" />
    <ClInclude Include="Code\Libraries\cereal\external\rapidjson\msinttypes\inttypes.h" />
    <ClInclude Include="Code\Libraries\cereal\external\rapidjson\msinttypes\stdint.h" />
    <ClInclude Include="Code\Libraries\cereal\external\rapidjson\ostreamwrapper.h" />
    <ClInclude Include="Code\Libraries\cereal\external\rapidjson\pointer.h" />
    <ClInclude Include="Code\Libraries\cereal\external\rapidjson\prettywriter.h" />
    <ClInclude Include="Code\Libraries\cereal\external\rapidjson\rapidjson.h" />
    <ClInclude Include="Code\Libraries\cereal\external\rapidjson\reader.h" />
    <ClInclude Include="Code\Libraries\cereal\external\rapidjson\schema.h" />
    <ClInclude Include="Code\Libraries\cereal\external\rapidjson\stream.h" />
    <ClInclude Include="Code\Libraries\cereal\external\rapidjson\stringbuffer.h" />
    <ClInclude Include="Code\Libraries\cereal\external\rapidjson\writer.h" />
    <ClInclude Include="Code\Libraries\cereal\external\rapidxml\rapidxml.hpp" />
    <ClInclude Include="Code\Libraries\cereal\external\rapidxml\rapidxml_iterators.hpp" />
    <ClInclude Include="Code\Libraries\cereal\external\rapidxml\rapidxml_print.hpp" />
    <ClInclude Include="Code\Libraries\cereal\external\rapidxml\rapidxml_utils.hpp" />
    <ClInclude Include="Code\Libraries\cereal\macros.hpp" />
    <ClInclude Include="Code\Libraries\cereal\specialize.hpp" />
    <ClInclude Include="Code\Libraries\cereal\types\array.hpp" />
    <ClInclude Include="Code\Libraries\cereal\types\atomic.hpp" />
    <ClInclude Include="Code\Libraries\cereal\types\base_class.hpp" />
    <ClInclude Include="Code\Libraries\cereal\types\bitset.hpp" />
    <ClInclude Include="Code\Libraries\cereal\types\boost_variant.hpp" />
    <ClInclude Include="Code\Libraries\cereal\types\chrono.hpp" />
    <ClInclude Include="Code\Libraries\cereal\types\common.hpp" />
    <ClInclude Include="Code\Libraries\cereal\types\complex.hpp" />
    <ClInclude Include="Code\Libraries\cereal\types\concepts\pair_associative_container.hpp" />
    <ClInclude Include="Code\Libraries\cereal\types\deque.hpp" />
    <ClInclude Include="Code\Libraries\cereal\types\forward_list.hpp" />
    <ClInclude Include="Code\Libraries\cereal\types\functional.hpp" />
    <ClInclude Include="Code\Libraries\cereal\types\list.hpp" />
    <ClInclude Include="Code\Libraries\cereal\types\map.hpp" />
    <ClInclude Include="Code\Libraries\cereal\types\memory.hpp" />
    <ClInclude Include="Code\Libraries\cereal\types\optional.hpp" />
    <ClInclude Include="Code\Libraries\cereal\types\polymorphic.hpp" />
    <ClInclude Include="Code\Libraries\cereal\types\queue.hpp" />
    <ClInclude Include="Code\Libraries\cereal\types\set.hpp" />
    <ClInclude Include="Code\Libraries\cereal\types\stack.hpp" />
    <ClInclude Include="Code\Libraries\cereal\types\string.hpp" />
    <ClInclude Include="Code\Libraries\cereal\types\tuple.hpp" />
    <ClInclude Include="Code\Libraries\cereal\types\unordered_map.hpp" />
    <ClInclude Include="Code\Libraries\cereal\types\unordered_set.hpp" />
    <ClInclude Include="Code\Libraries\cereal\types\utility.hpp" />
    <ClInclude Include="Code\Libraries\cereal\types\valarray.hpp" />
    <ClInclude Include="Code\Libraries\cereal\types\variant.hpp" />
    <ClInclude Include="Code\Libraries\cereal\types\vector.hpp" />
    <ClInclude Include="Code\Libraries\cereal\version.hpp" />
    <ClInclude Include="Code\Libraries\Effekseer\include\Effekseer.h" />
    <ClInclude Include="Code\Libraries\Effekseer\include\EffekseerRendererDX11.h" />
    <ClInclude Include="Code\Libraries\ImGuizmo\ImCurveEdit.h" />
    <ClInclude Include="Code\Libraries\ImGuizmo\ImGradient.h" />
    <ClInclude Include="Code\Libraries\ImGuizmo\ImGuizmo.h" />
    <ClInclude Include="Code\Libraries\ImGuizmo\ImSequencer.h" />
    <ClInclude Include="Code\Libraries\ImGui\IconsFontAwesome4.h" />
    <ClInclude Include="Code\Libraries\ImGui\imconfig.h" />
    <ClInclude Include="Code\Libraries\ImGui\imgui.h" />
    <ClInclude Include="Code\Libraries\ImGui\imgui_impl_dx11.h" />
    <ClInclude Include="Code\Libraries\ImGui\imgui_impl_win32.h" />
    <ClInclude Include="Code\Libraries\ImGui\imgui_internal.h" />
    <ClInclude Include="Code\Libraries\ImGui\imgui_stdlib.h" />
    <ClInclude Include="Code\Libraries\ImGui\imstb_rectpack.h" />
    <ClInclude Include="Code\Libraries\ImGui\imstb_textedit.h" />
    <ClInclude Include="Code\Libraries\ImGui\imstb_truetype.h" />
    <ClInclude Include="Librarys\ImGui\IconsFontAwesome4.h" />
    <ClInclude Include="Librarys\ImGui\imconfig.h" />
    <ClInclude Include="Librarys\ImGui\imgui.h" />
    <ClInclude Include="Librarys\ImGui\imgui_impl_dx11.h" />
    <ClInclude Include="Librarys\ImGui\imgui_impl_win32.h" />
    <ClInclude Include="Librarys\ImGui\imgui_internal.h" />
    <ClInclude Include="Librarys\ImGui\imgui_stdlib.h" />
    <ClInclude Include="Librarys\ImGui\imstb_rectpack.h" />
    <ClInclude Include="Librarys\ImGui\imstb_textedit.h" />
    <ClInclude Include="Librarys\ImGui\imstb_truetype.h" />
    <ClInclude Include="Code\Header_File\AudioSource.h" />
    <ClInclude Include="Code\Header_File\Audio_Manager.h" />
    <ClInclude Include="Code\Header_File\Camera.h" />
    <ClInclude Include="Code\Header_File\Cursor.h" />
    <ClInclude Include="Code\Header_File\DxSystem.h" />
    <ClInclude Include="Code\Header_File\Fbx_Converter.h" />
    <ClInclude Include="Code\Header_File\Include_ImGui.h" />
    <ClInclude Include="Code\Header_File\Input.h" />
    <ClInclude Include="Code\Header_File\Light.h" />
    <ClInclude Include="Code\Header_File\Light_Manager.h" />
    <ClInclude Include="Code\Header_File\Misc.h" />
    <ClInclude Include="Code\Header_File\Original_Math.h" />
    <ClInclude Include="Code\Header_File\Particle.h" />
    <ClInclude Include="Code\Header_File\Particle_Manager.h" />
    <ClInclude Include="Code\Header_File\Resources.h" />
    <ClInclude Include="Code\Header_File\Scene.h" />
    <ClInclude Include="Code\Header_File\Screen.h" />
    <ClInclude Include="Code\Header_File\Shader.h" />
    <ClInclude Include="Code\Header_File\SkyBox.h" />
    <ClInclude Include="Code\Header_File\Sprite_Renderer.h" />
    <ClInclude Include="Code\Header_File\System_Function.h" />
    <ClInclude Include="Code\Header_File\Texture.h" />
    <ClInclude Include="Code\Header_File\Render_Texture.h" />
    <ClInclude Include="Code\Libraries\cereal\access.hpp" />
    <ClInclude Include="Code\Libraries\cereal\cereal.hpp" />
    <ClInclude Include="Code\Libraries\cereal\details\util.hpp" />
    <ClInclude Include="Code\Libraries\cereal\external\base64.hpp" />
    <ClInclude Include="Code\Libraries\cereal\external\rapidjson\allocators.h" />
    <ClInclude Include="Code\Libraries\cereal\external\rapidjson\cursorstreamwrapper.h" />
    <ClInclude Include="Code\Libraries\cereal\external\rapidjson\document.h" />
    <ClInclude Include="Code\Libraries\cereal\external\rapidjson\encodedstream.h" />
    <ClInclude Include="Code\Libraries\cereal\external\rapidjson\encodings.h" />
    <ClInclude Include="Code\Libraries\cereal\external\rapidjson\filereadstream.h" />
    <ClInclude Include="Code\Libraries\cereal\external\rapidjson\filewritestream.h" />
    <ClInclude Include="Code\Libraries\cereal\external\rapidjson\fwd.h" />
    <ClInclude Include="Code\Header_File\Shadow_Manager.h" />
    <ClInclude Include="Code\Header_File\Bounds.h" />
    <ClInclude Include="Code\Header_File\Model_Data.h" />
    <ClInclude Include="Code\Header_File\Animation_Clip.h" />
    <ClInclude Include="Code\Header_File\Asset_Manager.h" />
    <ClInclude Include="Code\Header_File\Animator_Controller.h" />
    <ClInclude Include="Code\Header_File\Animator_State_Transition.h" />
    <ClInclude Include="Code\Header_File\Animator_State_Machine.h" />
    <ClInclude Include="Code\Header_File\Animator_Condition.h" />
    <ClInclude Include="Code\Header_File\Collider.h" />
    <ClInclude Include="Code\Header_File\Box_Collider.h" />
    <ClInclude Include="Code\Header_File\BulletPhysics_Manager.h" />
    <ClInclude Include="Code\Header_File\RigidBody.h" />
    <ClInclude Include="Code\Header_File\GhostObject.h" />
    <ClInclude Include="Code\Header_File\Debug_Draw_Manager.h" />
    <ClInclude Include="Code\Header_File\Sphere_Collider.h" />
    <ClInclude Include="Code\Header_File\Capsule_Collider.h" />
    <ClInclude Include="Code\Header_File\Project_Settings.h" />
    <ClInclude Include="Code\Header_File\Compute_Shader.h" />
    <ClInclude Include="Code\Header_File\Gaussian_Filter.h" />
    <ClInclude Include="Script\Header\Character_Parameter.h" />
    <ClInclude Include="Script\Header\Character_Condition_Manager.h" />
    <ClInclude Include="Script\Header\Player_Move.h" />
    <ClInclude Include="Script\Header\Player_Camera_Controller.h" />
    <ClInclude Include="Script\Header\Interface_Character_Mover.h" />
    <ClInclude Include="Script\Header\Character_Particles.h" />
    <ClInclude Include="Code\Header_File\Cylinder_Collider.h" />
    <ClInclude Include="Script\Header\Character_Ground_Checker.h" />
    <ClInclude Include="Code\Header_File\Physics.h" />
    <ClInclude Include="Script\Header\Interface_Character_State_Setter.h" />
    <ClInclude Include="Script\Header\Player_Input.h" />
    <ClInclude Include="Script\Header\Interface_Character_Damageable.h" />
    <ClInclude Include="Script\Header\Enemy_Normal_01_Damageable.h" />
    <ClInclude Include="Script\Header\Damage_Collision.h" />
    <ClInclude Include="Script\Header\Character_Hit_Stop_Manager.h" />
    <ClInclude Include="Script\Header\Object_Pool.h" />
    <ClInclude Include="Script\Header\Disable_Object.h" />
    <ClInclude Include="Script\Header\Disable_Particle.h" />
    <ClInclude Include="Script\Header\Enemy_Normal_01_Move.h" />
    <ClInclude Include="Script\Header\Enemy_Manager.h" />
    <ClInclude Include="Script\Header\Enemy_Normal_01_State_Setter.h" />
    <ClInclude Include="Script\Header\Player_Damageable.h" />
    <ClInclude Include="Script\Header\Time_Manager.h" />
    <ClInclude Include="Code\Header_File\Thread_Pool.h" />
    <ClInclude Include="Script\Header\Interface_Cut_Scene.h" />
    <ClInclude Include="Script\Header\Cut_Scene_Smash_01.h" />
    <ClInclude Include="Script\Header\Player_Parameter.h" />
    <ClInclude Include="Script\Header\Enemy_Parameter.h" />
    <ClInclude Include="Script\Header\Instant_Camera_Shake.h" />
  </ItemGroup>
  <ItemGroup>
    <None Include="Shader\Scene_Constants.hlsli" />
    <None Include="Script\Header\MonoBehaviour_Example.h" />
    <None Include="Script\Source\MonoBehaviour_Example.cpp" />
    <None Include="Shader\Gaussian_Shader.hlsli" />
  </ItemGroup>
</Project>